
Microsoft Visual Studio Solution File, Format Version 12.00
# Visual Studio Version 17
VisualStudioVersion = 17.5.33424.131
MinimumVisualStudioVersion = 10.0.40219.1
Project("{FAE04EC0-301F-11D3-BF4B-00C04F79EFBC}") = "ITLDG.BitConverterExtend", "ITLDG.BitConverterExtend.csproj", "{18F5E5C5-F43A-4440-AC65-0F03EF185C28}"
EndProject
Global
	GlobalSection(SolutionConfigurationPlatforms) = preSolution
		Debug|Any CPU = Debug|Any CPU
		Release|Any CPU = Release|Any CPU
	EndGlobalSection
	GlobalSection(ProjectConfigurationPlatforms) = postSolution
		{18F5E5C5-F43A-4440-AC65-0F03EF185C28}.Debug|Any CPU.ActiveCfg = Debug|Any CPU
		{18F5E5C5-F43A-4440-AC65-0F03EF185C28}.Debug|Any CPU.Build.0 = Debug|Any CPU
		{18F5E5C5-F43A-4440-AC65-0F03EF185C28}.Release|Any CPU.ActiveCfg = Release|Any CPU
		{18F5E5C5-F43A-4440-AC65-0F03EF185C28}.Release|Any CPU.Build.0 = Release|Any CPU
	EndGlobalSection
	GlobalSection(SolutionProperties) = preSolution
		HideSolutionNode = FALSE
	EndGlobalSection
	GlobalSection(ExtensibilityGlobals) = postSolution
		SolutionGuid = {267E7341-4AE0-41EE-B65A-F4F8D60AB034}
	EndGlobalSection
EndGlobal
